// !$*UTF8*$!
{
	archiveVersion = 1;
	classes = {
	};
	objectVersion = 46;
	objects = {

/* Begin PBXBuildFile section */
		7B759B111A87127D003C19EB /* Wooden_Cabinet_Texture_by_The_Auteur_Stock.jpg in Resources */ = {isa = PBXBuildFile; fileRef = 7B759B101A87127D003C19EB /* Wooden_Cabinet_Texture_by_The_Auteur_Stock.jpg */; };
		7B759B121A87127D003C19EB /* Wooden_Cabinet_Texture_by_The_Auteur_Stock.jpg in Resources */ = {isa = PBXBuildFile; fileRef = 7B759B101A87127D003C19EB /* Wooden_Cabinet_Texture_by_The_Auteur_Stock.jpg */; };
		7B759B151A87233D003C19EB /* Jewel1.jpeg in Resources */ = {isa = PBXBuildFile; fileRef = 7B759B131A87233D003C19EB /* Jewel1.jpeg */; };
		7B759B161A87233D003C19EB /* Jewel1.jpeg in Resources */ = {isa = PBXBuildFile; fileRef = 7B759B131A87233D003C19EB /* Jewel1.jpeg */; };
		7B759B171A87233D003C19EB /* jewel2.jpeg in Resources */ = {isa = PBXBuildFile; fileRef = 7B759B141A87233D003C19EB /* jewel2.jpeg */; };
		7B759B181A87233D003C19EB /* jewel2.jpeg in Resources */ = {isa = PBXBuildFile; fileRef = 7B759B141A87233D003C19EB /* jewel2.jpeg */; };
		7B759B1A1A87245F003C19EB /* yellow-light-bulb.jpg in Resources */ = {isa = PBXBuildFile; fileRef = 7B759B191A87245F003C19EB /* yellow-light-bulb.jpg */; };
		7B759B1B1A87245F003C19EB /* yellow-light-bulb.jpg in Resources */ = {isa = PBXBuildFile; fileRef = 7B759B191A87245F003C19EB /* yellow-light-bulb.jpg */; };
		7BF2E8551A85E99400777FDE /* Foundation.framework in Frameworks */ = {isa = PBXBuildFile; fileRef = 7BF2E8541A85E99400777FDE /* Foundation.framework */; };
		7BF2E8571A85E99400777FDE /* CoreGraphics.framework in Frameworks */ = {isa = PBXBuildFile; fileRef = 7BF2E8561A85E99400777FDE /* CoreGraphics.framework */; };
		7BF2E8591A85E99400777FDE /* UIKit.framework in Frameworks */ = {isa = PBXBuildFile; fileRef = 7BF2E8581A85E99400777FDE /* UIKit.framework */; };
		7BF2E85F1A85E99400777FDE /* InfoPlist.strings in Resources */ = {isa = PBXBuildFile; fileRef = 7BF2E85D1A85E99400777FDE /* InfoPlist.strings */; };
		7BF2E8611A85E99400777FDE /* main.m in Sources */ = {isa = PBXBuildFile; fileRef = 7BF2E8601A85E99400777FDE /* main.m */; };
		7BF2E8651A85E99400777FDE /* AppDelegate.m in Sources */ = {isa = PBXBuildFile; fileRef = 7BF2E8641A85E99400777FDE /* AppDelegate.m */; };
		7BF2E8681A85E99400777FDE /* Main_iPhone.storyboard in Resources */ = {isa = PBXBuildFile; fileRef = 7BF2E8661A85E99400777FDE /* Main_iPhone.storyboard */; };
		7BF2E86B1A85E99400777FDE /* Main_iPad.storyboard in Resources */ = {isa = PBXBuildFile; fileRef = 7BF2E8691A85E99400777FDE /* Main_iPad.storyboard */; };
		7BF2E86E1A85E99400777FDE /* ViewController.m in Sources */ = {isa = PBXBuildFile; fileRef = 7BF2E86D1A85E99400777FDE /* ViewController.m */; };
		7BF2E8701A85E99400777FDE /* Images.xcassets in Resources */ = {isa = PBXBuildFile; fileRef = 7BF2E86F1A85E99400777FDE /* Images.xcassets */; };
		7BF2E8771A85E99500777FDE /* XCTest.framework in Frameworks */ = {isa = PBXBuildFile; fileRef = 7BF2E8761A85E99500777FDE /* XCTest.framework */; };
		7BF2E8781A85E99500777FDE /* Foundation.framework in Frameworks */ = {isa = PBXBuildFile; fileRef = 7BF2E8541A85E99400777FDE /* Foundation.framework */; };
		7BF2E8791A85E99500777FDE /* UIKit.framework in Frameworks */ = {isa = PBXBuildFile; fileRef = 7BF2E8581A85E99400777FDE /* UIKit.framework */; };
		7BF2E8811A85E99500777FDE /* InfoPlist.strings in Resources */ = {isa = PBXBuildFile; fileRef = 7BF2E87F1A85E99500777FDE /* InfoPlist.strings */; };
		7BF2E8831A85E99500777FDE /* StompBoxTests.m in Sources */ = {isa = PBXBuildFile; fileRef = 7BF2E8821A85E99500777FDE /* StompBoxTests.m */; };
/* End PBXBuildFile section */

/* Begin PBXContainerItemProxy section */
		7BF2E87A1A85E99500777FDE /* PBXContainerItemProxy */ = {
			isa = PBXContainerItemProxy;
			containerPortal = 7BF2E8491A85E99400777FDE /* Project object */;
			proxyType = 1;
			remoteGlobalIDString = 7BF2E8501A85E99400777FDE;
			remoteInfo = StompBox;
		};
/* End PBXContainerItemProxy section */

/* Begin PBXFileReference section */
		7B759B101A87127D003C19EB /* Wooden_Cabinet_Texture_by_The_Auteur_Stock.jpg */ = {isa = PBXFileReference; lastKnownFileType = image.jpeg; path = Wooden_Cabinet_Texture_by_The_Auteur_Stock.jpg; sourceTree = "<group>"; };
		7B759B131A87233D003C19EB /* Jewel1.jpeg */ = {isa = PBXFileReference; lastKnownFileType = image.jpeg; path = Jewel1.jpeg; sourceTree = "<group>"; };
		7B759B141A87233D003C19EB /* jewel2.jpeg */ = {isa = PBXFileReference; lastKnownFileType = image.jpeg; path = jewel2.jpeg; sourceTree = "<group>"; };
		7B759B191A87245F003C19EB /* yellow-light-bulb.jpg */ = {isa = PBXFileReference; lastKnownFileType = image.jpeg; path = "yellow-light-bulb.jpg"; sourceTree = "<group>"; };
		7BF2E8511A85E99400777FDE /* StompBox.app */ = {isa = PBXFileReference; explicitFileType = wrapper.application; includeInIndex = 0; path = StompBox.app; sourceTree = BUILT_PRODUCTS_DIR; };
		7BF2E8541A85E99400777FDE /* Foundation.framework */ = {isa = PBXFileReference; lastKnownFileType = wrapper.framework; name = Foundation.framework; path = System/Library/Frameworks/Foundation.framework; sourceTree = SDKROOT; };
		7BF2E8561A85E99400777FDE /* CoreGraphics.framework */ = {isa = PBXFileReference; lastKnownFileType = wrapper.framework; name = CoreGraphics.framework; path = System/Library/Frameworks/CoreGraphics.framework; sourceTree = SDKROOT; };
		7BF2E8581A85E99400777FDE /* UIKit.framework */ = {isa = PBXFileReference; lastKnownFileType = wrapper.framework; name = UIKit.framework; path = System/Library/Frameworks/UIKit.framework; sourceTree = SDKROOT; };
		7BF2E85C1A85E99400777FDE /* StompBox-Info.plist */ = {isa = PBXFileReference; lastKnownFileType = text.plist.xml; path = "StompBox-Info.plist"; sourceTree = "<group>"; };
		7BF2E85E1A85E99400777FDE /* en */ = {isa = PBXFileReference; lastKnownFileType = text.plist.strings; name = en; path = en.lproj/InfoPlist.strings; sourceTree = "<group>"; };
		7BF2E8601A85E99400777FDE /* main.m */ = {isa = PBXFileReference; lastKnownFileType = sourcecode.c.objc; path = main.m; sourceTree = "<group>"; };
		7BF2E8621A85E99400777FDE /* StompBox-Prefix.pch */ = {isa = PBXFileReference; lastKnownFileType = sourcecode.c.h; path = "StompBox-Prefix.pch"; sourceTree = "<group>"; };
		7BF2E8631A85E99400777FDE /* AppDelegate.h */ = {isa = PBXFileReference; lastKnownFileType = sourcecode.c.h; path = AppDelegate.h; sourceTree = "<group>"; };
		7BF2E8641A85E99400777FDE /* AppDelegate.m */ = {isa = PBXFileReference; lastKnownFileType = sourcecode.c.objc; path = AppDelegate.m; sourceTree = "<group>"; };
		7BF2E8671A85E99400777FDE /* Base */ = {isa = PBXFileReference; lastKnownFileType = file.storyboard; name = Base; path = Base.lproj/Main_iPhone.storyboard; sourceTree = "<group>"; };
		7BF2E86A1A85E99400777FDE /* Base */ = {isa = PBXFileReference; lastKnownFileType = file.storyboard; name = Base; path = Base.lproj/Main_iPad.storyboard; sourceTree = "<group>"; };
		7BF2E86C1A85E99400777FDE /* ViewController.h */ = {isa = PBXFileReference; lastKnownFileType = sourcecode.c.h; path = ViewController.h; sourceTree = "<group>"; };
		7BF2E86D1A85E99400777FDE /* ViewController.m */ = {isa = PBXFileReference; lastKnownFileType = sourcecode.c.objc; path = ViewController.m; sourceTree = "<group>"; };
		7BF2E86F1A85E99400777FDE /* Images.xcassets */ = {isa = PBXFileReference; lastKnownFileType = folder.assetcatalog; path = Images.xcassets; sourceTree = "<group>"; };
		7BF2E8751A85E99500777FDE /* StompBoxTests.xctest */ = {isa = PBXFileReference; explicitFileType = wrapper.cfbundle; includeInIndex = 0; path = StompBoxTests.xctest; sourceTree = BUILT_PRODUCTS_DIR; };
		7BF2E8761A85E99500777FDE /* XCTest.framework */ = {isa = PBXFileReference; lastKnownFileType = wrapper.framework; name = XCTest.framework; path = Library/Frameworks/XCTest.framework; sourceTree = DEVELOPER_DIR; };
		7BF2E87E1A85E99500777FDE /* StompBoxTests-Info.plist */ = {isa = PBXFileReference; lastKnownFileType = text.plist.xml; path = "StompBoxTests-Info.plist"; sourceTree = "<group>"; };
		7BF2E8801A85E99500777FDE /* en */ = {isa = PBXFileReference; lastKnownFileType = text.plist.strings; name = en; path = en.lproj/InfoPlist.strings; sourceTree = "<group>"; };
		7BF2E8821A85E99500777FDE /* StompBoxTests.m */ = {isa = PBXFileReference; lastKnownFileType = sourcecode.c.objc; path = StompBoxTests.m; sourceTree = "<group>"; };
/* End PBXFileReference section */

/* Begin PBXFrameworksBuildPhase section */
		7BF2E84E1A85E99400777FDE /* Frameworks */ = {
			isa = PBXFrameworksBuildPhase;
			buildActionMask = 2147483647;
			files = (
				7BF2E8571A85E99400777FDE /* CoreGraphics.framework in Frameworks */,
				7BF2E8591A85E99400777FDE /* UIKit.framework in Frameworks */,
				7BF2E8551A85E99400777FDE /* Foundation.framework in Frameworks */,
			);
			runOnlyForDeploymentPostprocessing = 0;
		};
		7BF2E8721A85E99500777FDE /* Frameworks */ = {
			isa = PBXFrameworksBuildPhase;
			buildActionMask = 2147483647;
			files = (
				7BF2E8771A85E99500777FDE /* XCTest.framework in Frameworks */,
				7BF2E8791A85E99500777FDE /* UIKit.framework in Frameworks */,
				7BF2E8781A85E99500777FDE /* Foundation.framework in Frameworks */,
			);
			runOnlyForDeploymentPostprocessing = 0;
		};
/* End PBXFrameworksBuildPhase section */

/* Begin PBXGroup section */
		7BF2E8481A85E99400777FDE = {
			isa = PBXGroup;
			children = (
				7BF2E85A1A85E99400777FDE /* StompBox */,
				7BF2E87C1A85E99500777FDE /* StompBoxTests */,
				7BF2E8531A85E99400777FDE /* Frameworks */,
				7BF2E8521A85E99400777FDE /* Products */,
			);
			sourceTree = "<group>";
		};
		7BF2E8521A85E99400777FDE /* Products */ = {
			isa = PBXGroup;
			children = (
				7BF2E8511A85E99400777FDE /* StompBox.app */,
				7BF2E8751A85E99500777FDE /* StompBoxTests.xctest */,
			);
			name = Products;
			sourceTree = "<group>";
		};
		7BF2E8531A85E99400777FDE /* Frameworks */ = {
			isa = PBXGroup;
			children = (
				7BF2E8541A85E99400777FDE /* Foundation.framework */,
				7BF2E8561A85E99400777FDE /* CoreGraphics.framework */,
				7BF2E8581A85E99400777FDE /* UIKit.framework */,
				7BF2E8761A85E99500777FDE /* XCTest.framework */,
			);
			name = Frameworks;
			sourceTree = "<group>";
		};
		7BF2E85A1A85E99400777FDE /* StompBox */ = {
			isa = PBXGroup;
			children = (
				7B759B191A87245F003C19EB /* yellow-light-bulb.jpg */,
				7B759B131A87233D003C19EB /* Jewel1.jpeg */,
				7B759B141A87233D003C19EB /* jewel2.jpeg */,
				7B759B101A87127D003C19EB /* Wooden_Cabinet_Texture_by_The_Auteur_Stock.jpg */,
				7BF2E8631A85E99400777FDE /* AppDelegate.h */,
				7BF2E8641A85E99400777FDE /* AppDelegate.m */,
				7BF2E8661A85E99400777FDE /* Main_iPhone.storyboard */,
				7BF2E8691A85E99400777FDE /* Main_iPad.storyboard */,
				7BF2E86C1A85E99400777FDE /* ViewController.h */,
				7BF2E86D1A85E99400777FDE /* ViewController.m */,
				7BF2E86F1A85E99400777FDE /* Images.xcassets */,
				7BF2E85B1A85E99400777FDE /* Supporting Files */,
			);
			path = StompBox;
			sourceTree = "<group>";
		};
		7BF2E85B1A85E99400777FDE /* Supporting Files */ = {
			isa = PBXGroup;
			children = (
				7BF2E85C1A85E99400777FDE /* StompBox-Info.plist */,
				7BF2E85D1A85E99400777FDE /* InfoPlist.strings */,
				7BF2E8601A85E99400777FDE /* main.m */,
				7BF2E8621A85E99400777FDE /* StompBox-Prefix.pch */,
			);
			name = "Supporting Files";
			sourceTree = "<group>";
		};
		7BF2E87C1A85E99500777FDE /* StompBoxTests */ = {
			isa = PBXGroup;
			children = (
				7BF2E8821A85E99500777FDE /* StompBoxTests.m */,
				7BF2E87D1A85E99500777FDE /* Supporting Files */,
			);
			path = StompBoxTests;
			sourceTree = "<group>";
		};
		7BF2E87D1A85E99500777FDE /* Supporting Files */ = {
			isa = PBXGroup;
			children = (
				7BF2E87E1A85E99500777FDE /* StompBoxTests-Info.plist */,
				7BF2E87F1A85E99500777FDE /* InfoPlist.strings */,
			);
			name = "Supporting Files";
			sourceTree = "<group>";
		};
/* End PBXGroup section */

/* Begin PBXNativeTarget section */
		7BF2E8501A85E99400777FDE /* StompBox */ = {
			isa = PBXNativeTarget;
			buildConfigurationList = 7BF2E8861A85E99500777FDE /* Build configuration list for PBXNativeTarget "StompBox" */;
			buildPhases = (
				7BF2E84D1A85E99400777FDE /* Sources */,
				7BF2E84E1A85E99400777FDE /* Frameworks */,
				7BF2E84F1A85E99400777FDE /* Resources */,
			);
			buildRules = (
			);
			dependencies = (
			);
			name = StompBox;
			productName = StompBox;
			productReference = 7BF2E8511A85E99400777FDE /* StompBox.app */;
			productType = "com.apple.product-type.application";
		};
		7BF2E8741A85E99500777FDE /* StompBoxTests */ = {
			isa = PBXNativeTarget;
			buildConfigurationList = 7BF2E8891A85E99500777FDE /* Build configuration list for PBXNativeTarget "StompBoxTests" */;
			buildPhases = (
				7BF2E8711A85E99500777FDE /* Sources */,
				7BF2E8721A85E99500777FDE /* Frameworks */,
				7BF2E8731A85E99500777FDE /* Resources */,
			);
			buildRules = (
			);
			dependencies = (
				7BF2E87B1A85E99500777FDE /* PBXTargetDependency */,
			);
			name = StompBoxTests;
			productName = StompBoxTests;
			productReference = 7BF2E8751A85E99500777FDE /* StompBoxTests.xctest */;
			productType = "com.apple.product-type.bundle.unit-test";
		};
/* End PBXNativeTarget section */

/* Begin PBXProject section */
		7BF2E8491A85E99400777FDE /* Project object */ = {
			isa = PBXProject;
			attributes = {
				LastUpgradeCheck = 0510;
				ORGANIZATIONNAME = "Mike Webster Ltd.";
				TargetAttributes = {
					7BF2E8741A85E99500777FDE = {
						TestTargetID = 7BF2E8501A85E99400777FDE;
					};
				};
			};
			buildConfigurationList = 7BF2E84C1A85E99400777FDE /* Build configuration list for PBXProject "StompBox" */;
			compatibilityVersion = "Xcode 3.2";
			developmentRegion = English;
			hasScannedForEncodings = 0;
			knownRegions = (
				en,
				Base,
			);
			mainGroup = 7BF2E8481A85E99400777FDE;
			productRefGroup = 7BF2E8521A85E99400777FDE /* Products */;
			projectDirPath = "";
			projectRoot = "";
			targets = (
				7BF2E8501A85E99400777FDE /* StompBox */,
				7BF2E8741A85E99500777FDE /* StompBoxTests */,
			);
		};
/* End PBXProject section */

/* Begin PBXResourcesBuildPhase section */
		7BF2E84F1A85E99400777FDE /* Resources */ = {
			isa = PBXResourcesBuildPhase;
			buildActionMask = 2147483647;
			files = (
				7BF2E86B1A85E99400777FDE /* Main_iPad.storyboard in Resources */,
				7B759B171A87233D003C19EB /* jewel2.jpeg in Resources */,
				7BF2E8701A85E99400777FDE /* Images.xcassets in Resources */,
				7B759B111A87127D003C19EB /* Wooden_Cabinet_Texture_by_The_Auteur_Stock.jpg in Resources */,
				7B759B151A87233D003C19EB /* Jewel1.jpeg in Resources */,
				7BF2E8681A85E99400777FDE /* Main_iPhone.storyboard in Resources */,
				7BF2E85F1A85E99400777FDE /* InfoPlist.strings in Resources */,
				7B759B1A1A87245F003C19EB /* yellow-light-bulb.jpg in Resources */,
			);
			runOnlyForDeploymentPostprocessing = 0;
		};
		7BF2E8731A85E99500777FDE /* Resources */ = {
			isa = PBXResourcesBuildPhase;
			buildActionMask = 2147483647;
			files = (
				7B759B181A87233D003C19EB /* jewel2.jpeg in Resources */,
				7B759B161A87233D003C19EB /* Jewel1.jpeg in Resources */,
				7B759B1B1A87245F003C19EB /* yellow-light-bulb.jpg in Resources */,
				7B759B121A87127D003C19EB /* Wooden_Cabinet_Texture_by_The_Auteur_Stock.jpg in Resources */,
				7BF2E8811A85E99500777FDE /* InfoPlist.strings in Resources */,
			);
			runOnlyForDeploymentPostprocessing = 0;
		};
/* End PBXResourcesBuildPhase section */

/* Begin PBXSourcesBuildPhase section */
		7BF2E84D1A85E99400777FDE /* Sources */ = {
			isa = PBXSourcesBuildPhase;
			buildActionMask = 2147483647;
			files = (
				7BF2E86E1A85E99400777FDE /* ViewController.m in Sources */,
				7BF2E8651A85E99400777FDE /* AppDelegate.m in Sources */,
				7BF2E8611A85E99400777FDE /* main.m in Sources */,
			);
			runOnlyForDeploymentPostprocessing = 0;
		};
		7BF2E8711A85E99500777FDE /* Sources */ = {
			isa = PBXSourcesBuildPhase;
			buildActionMask = 2147483647;
			files = (
				7BF2E8831A85E99500777FDE /* StompBoxTests.m in Sources */,
			);
			runOnlyForDeploymentPostprocessing = 0;
		};
/* End PBXSourcesBuildPhase section */

/* Begin PBXTargetDependency section */
		7BF2E87B1A85E99500777FDE /* PBXTargetDependency */ = {
			isa = PBXTargetDependency;
			target = 7BF2E8501A85E99400777FDE /* StompBox */;
			targetProxy = 7BF2E87A1A85E99500777FDE /* PBXContainerItemProxy */;
		};
/* End PBXTargetDependency section */

/* Begin PBXVariantGroup section */
		7BF2E85D1A85E99400777FDE /* InfoPlist.strings */ = {
			isa = PBXVariantGroup;
			children = (
				7BF2E85E1A85E99400777FDE /* en */,
			);
			name = InfoPlist.strings;
			sourceTree = "<group>";
		};
		7BF2E8661A85E99400777FDE /* Main_iPhone.storyboard */ = {
			isa = PBXVariantGroup;
			children = (
				7BF2E8671A85E99400777FDE /* Base */,
			);
			name = Main_iPhone.storyboard;
			sourceTree = "<group>";
		};
		7BF2E8691A85E99400777FDE /* Main_iPad.storyboard */ = {
			isa = PBXVariantGroup;
			children = (
				7BF2E86A1A85E99400777FDE /* Base */,
			);
			name = Main_iPad.storyboard;
			sourceTree = "<group>";
		};
		7BF2E87F1A85E99500777FDE /* InfoPlist.strings */ = {
			isa = PBXVariantGroup;
			children = (
				7BF2E8801A85E99500777FDE /* en */,
			);
			name = InfoPlist.strings;
			sourceTree = "<group>";
		};
/* End PBXVariantGroup section */

/* Begin XCBuildConfiguration section */
		7BF2E8841A85E99500777FDE /* Debug */ = {
			isa = XCBuildConfiguration;
			buildSettings = {
				ALWAYS_SEARCH_USER_PATHS = NO;
				CLANG_CXX_LANGUAGE_STANDARD = "gnu++0x";
				CLANG_CXX_LIBRARY = "libc++";
				CLANG_ENABLE_MODULES = YES;
				CLANG_ENABLE_OBJC_ARC = YES;
				CLANG_WARN_BOOL_CONVERSION = YES;
				CLANG_WARN_CONSTANT_CONVERSION = YES;
				CLANG_WARN_DIRECT_OBJC_ISA_USAGE = YES_ERROR;
				CLANG_WARN_EMPTY_BODY = YES;
				CLANG_WARN_ENUM_CONVERSION = YES;
				CLANG_WARN_INT_CONVERSION = YES;
				CLANG_WARN_OBJC_ROOT_CLASS = YES_ERROR;
				CLANG_WARN__DUPLICATE_METHOD_MATCH = YES;
				CODE_SIGN_IDENTITY = "";
				"CODE_SIGN_IDENTITY[sdk=*]" = "";
				COPY_PHASE_STRIP = NO;
				GCC_C_LANGUAGE_STANDARD = gnu99;
				GCC_DYNAMIC_NO_PIC = NO;
				GCC_OPTIMIZATION_LEVEL = 0;
				GCC_PREPROCESSOR_DEFINITIONS = (
					"DEBUG=1",
					"$(inherited)",
				);
				GCC_SYMBOLS_PRIVATE_EXTERN = NO;
				GCC_WARN_64_TO_32_BIT_CONVERSION = YES;
				GCC_WARN_ABOUT_RETURN_TYPE = YES_ERROR;
				GCC_WARN_UNDECLARED_SELECTOR = YES;
				GCC_WARN_UNINITIALIZED_AUTOS = YES_AGGRESSIVE;
				GCC_WARN_UNUSED_FUNCTION = YES;
				GCC_WARN_UNUSED_VARIABLE = YES;
				IPHONEOS_DEPLOYMENT_TARGET = 7.1;
				ONLY_ACTIVE_ARCH = YES;
				SDKROOT = iphoneos;
				TARGETED_DEVICE_FAMILY = "1,2";
			};
			name = Debug;
		};
		7BF2E8851A85E99500777FDE /* Release */ = {
			isa = XCBuildConfiguration;
			buildSettings = {
				ALWAYS_SEARCH_USER_PATHS = NO;
				CLANG_CXX_LANGUAGE_STANDARD = "gnu++0x";
				CLANG_CXX_LIBRARY = "libc++";
				CLANG_ENABLE_MODULES = YES;
				CLANG_ENABLE_OBJC_ARC = YES;
				CLANG_WARN_BOOL_CONVERSION = YES;
				CLANG_WARN_CONSTANT_CONVERSION = YES;
				CLANG_WARN_DIRECT_OBJC_ISA_USAGE = YES_ERROR;
				CLANG_WARN_EMPTY_BODY = YES;
				CLANG_WARN_ENUM_CONVERSION = YES;
				CLANG_WARN_INT_CONVERSION = YES;
				CLANG_WARN_OBJC_ROOT_CLASS = YES_ERROR;
				CLANG_WARN__DUPLICATE_METHOD_MATCH = YES;
				CODE_SIGN_IDENTITY = "";
				"CODE_SIGN_IDENTITY[sdk=*]" = "";
				COPY_PHASE_STRIP = YES;
				ENABLE_NS_ASSERTIONS = NO;
				GCC_C_LANGUAGE_STANDARD = gnu99;
				GCC_WARN_64_TO_32_BIT_CONVERSION = YES;
				GCC_WARN_ABOUT_RETURN_TYPE = YES_ERROR;
				GCC_WARN_UNDECLARED_SELECTOR = YES;
				GCC_WARN_UNINITIALIZED_AUTOS = YES_AGGRESSIVE;
				GCC_WARN_UNUSED_FUNCTION = YES;
				GCC_WARN_UNUSED_VARIABLE = YES;
				IPHONEOS_DEPLOYMENT_TARGET = 7.1;
				SDKROOT = iphoneos;
				TARGETED_DEVICE_FAMILY = "1,2";
				VALIDATE_PRODUCT = YES;
			};
			name = Release;
		};
		7BF2E8871A85E99500777FDE /* Debug */ = {
			isa = XCBuildConfiguration;
			buildSettings = {
				ASSETCATALOG_COMPILER_APPICON_NAME = AppIcon;
				ASSETCATALOG_COMPILER_LAUNCHIMAGE_NAME = LaunchImage;
				GCC_PRECOMPILE_PREFIX_HEADER = YES;
				GCC_PREFIX_HEADER = "StompBox/StompBox-Prefix.pch";
				INFOPLIST_FILE = "StompBox/StompBox-Info.plist";
				IPHONEOS_DEPLOYMENT_TARGET = 6.1;
				PRODUCT_NAME = "$(TARGET_NAME)";
				WRAPPER_EXTENSION = app;
			};
			name = Debug;
		};
		7BF2E8881A85E99500777FDE /* Release */ = {
			isa = XCBuildConfiguration;
			buildSettings = {
				ASSETCATALOG_COMPILER_APPICON_NAME = AppIcon;
				ASSETCATALOG_COMPILER_LAUNCHIMAGE_NAME = LaunchImage;
				GCC_PRECOMPILE_PREFIX_HEADER = YES;
				GCC_PREFIX_HEADER = "StompBox/StompBox-Prefix.pch";
				INFOPLIST_FILE = "StompBox/StompBox-Info.plist";
				IPHONEOS_DEPLOYMENT_TARGET = 6.1;
				PRODUCT_NAME = "$(TARGET_NAME)";
				WRAPPER_EXTENSION = app;
			};
			name = Release;
		};
		7BF2E88A1A85E99500777FDE /* Debug */ = {
			isa = XCBuildConfiguration;
			buildSettings = {
				BUNDLE_LOADER = "$(BUILT_PRODUCTS_DIR)/StompBox.app/StompBox";
				FRAMEWORK_SEARCH_PATHS = (
					"$(SDKROOT)/Developer/Library/Frameworks",
					"$(inherited)",
					"$(DEVELOPER_FRAMEWORKS_DIR)",
				);
				GCC_PRECOMPILE_PREFIX_HEADER = YES;
				GCC_PREFIX_HEADER = "StompBox/StompBox-Prefix.pch";
				GCC_PREPROCESSOR_DEFINITIONS = (
					"DEBUG=1",
					"$(inherited)",
				);
				INFOPLIST_FILE = "StompBoxTests/StompBoxTests-Info.plist";
				PRODUCT_NAME = "$(TARGET_NAME)";
				TEST_HOST = "$(BUNDLE_LOADER)";
				WRAPPER_EXTENSION = xctest;
			};
			name = Debug;
		};
		7BF2E88B1A85E99500777FDE /* Release */ = {
			isa = XCBuildConfiguration;
			buildSettings = {
				BUNDLE_LOADER = "$(BUILT_PRODUCTS_DIR)/StompBox.app/StompBox";
				FRAMEWORK_SEARCH_PATHS = (
					"$(SDKROOT)/Developer/Library/Frameworks",
					"$(inherited)",
					"$(DEVELOPER_FRAMEWORKS_DIR)",
				);
				GCC_PRECOMPILE_PREFIX_HEADER = YES;
				GCC_PREFIX_HEADER = "StompBox/StompBox-Prefix.pch";
				INFOPLIST_FILE = "StompBoxTests/StompBoxTests-Info.plist";
				PRODUCT_NAME = "$(TARGET_NAME)";
				TEST_HOST = "$(BUNDLE_LOADER)";
				WRAPPER_EXTENSION = xctest;
			};
			name = Release;
		};
/* End XCBuildConfiguration section */

/* Begin XCConfigurationList section */
		7BF2E84C1A85E99400777FDE /* Build configuration list for PBXProject "StompBox" */ = {
			isa = XCConfigurationList;
			buildConfigurations = (
				7BF2E8841A85E99500777FDE /* Debug */,
				7BF2E8851A85E99500777FDE /* Release */,
			);
			defaultConfigurationIsVisible = 0;
			defaultConfigurationName = Release;
		};
		7BF2E8861A85E99500777FDE /* Build configuration list for PBXNativeTarget "StompBox" */ = {
			isa = XCConfigurationList;
			buildConfigurations = (
				7BF2E8871A85E99500777FDE /* Debug */,
				7BF2E8881A85E99500777FDE /* Release */,
			);
			defaultConfigurationIsVisible = 0;
			defaultConfigurationName = Release;
		};
		7BF2E8891A85E99500777FDE /* Build configuration list for PBXNativeTarget "StompBoxTests" */ = {
			isa = XCConfigurationList;
			buildConfigurations = (
				7BF2E88A1A85E99500777FDE /* Debug */,
				7BF2E88B1A85E99500777FDE /* Release */,
			);
			defaultConfigurationIsVisible = 0;
			defaultConfigurationName = Release;
		};
/* End XCConfigurationList section */
	};
	rootObject = 7BF2E8491A85E99400777FDE /* Project object */;
}
